
Microsoft Visual Studio Solution File, Format Version 12.00
# Visual Studio Version 16
VisualStudioVersion = 16.0.31005.135
MinimumVisualStudioVersion = 10.0.40219.1
Project("{8BC9CEB8-8B4A-11D0-8D11-00A0C91BC942}") = "Engine", "Engine\Engine.vcxproj", "{2601623C-70BE-4767-ADC7-6F8F6B663A96}"
EndProject
Project("{8BC9CEB8-8B4A-11D0-8D11-00A0C91BC942}") = "Render", "Render\Render.vcxproj", "{901B51FA-3004-4C10-A595-59ED6A74B011}"
EndProject
Project("{8BC9CEB8-8B4A-11D0-8D11-00A0C91BC942}") = "Utility", "Utility\Utility.vcxproj", "{5CEC7417-55F8-4BF8-B492-F04A6F37C6FE}"
EndProject
Project("{8BC9CEB8-8B4A-11D0-8D11-00A0C91BC942}") = "Generate", "Generate\Generate.vcxproj", "{40CC7AAE-3852-4917-9E24-F2020FC5242F}"
EndProject
Project("{8BC9CEB8-8B4A-11D0-8D11-00A0C91BC942}") = "Tools", "Tools\Tools.vcxproj", "{041A6322-44E0-420A-A538-1C8D5E3B09C4}"
EndProject
Project("{8BC9CEB8-8B4A-11D0-8D11-00A0C91BC942}") = "Hex", "Hex\Hex.vcxproj", "{B9899427-7BBC-4390-B7BC-042F5CA2366D}"
EndProject
Global
	GlobalSection(SolutionConfigurationPlatforms) = preSolution
		Debug|x64 = Debug|x64
		Debug|x86 = Debug|x86
		Release|x64 = Release|x64
		Release|x86 = Release|x86
	EndGlobalSection
	GlobalSection(ProjectConfigurationPlatforms) = postSolution
		{2601623C-70BE-4767-ADC7-6F8F6B663A96}.Debug|x64.ActiveCfg = Debug|x64
		{2601623C-70BE-4767-ADC7-6F8F6B663A96}.Debug|x64.Build.0 = Debug|x64
		{2601623C-70BE-4767-ADC7-6F8F6B663A96}.Debug|x86.ActiveCfg = Debug|Win32
		{2601623C-70BE-4767-ADC7-6F8F6B663A96}.Debug|x86.Build.0 = Debug|Win32
		{2601623C-70BE-4767-ADC7-6F8F6B663A96}.Release|x64.ActiveCfg = Release|x64
		{2601623C-70BE-4767-ADC7-6F8F6B663A96}.Release|x64.Build.0 = Release|x64
		{2601623C-70BE-4767-ADC7-6F8F6B663A96}.Release|x86.ActiveCfg = Release|Win32
		{2601623C-70BE-4767-ADC7-6F8F6B663A96}.Release|x86.Build.0 = Release|Win32
		{901B51FA-3004-4C10-A595-59ED6A74B011}.Debug|x64.ActiveCfg = Debug|x64
		{901B51FA-3004-4C10-A595-59ED6A74B011}.Debug|x64.Build.0 = Debug|x64
		{901B51FA-3004-4C10-A595-59ED6A74B011}.Debug|x86.ActiveCfg = Debug|Win32
		{901B51FA-3004-4C10-A595-59ED6A74B011}.Debug|x86.Build.0 = Debug|Win32
		{901B51FA-3004-4C10-A595-59ED6A74B011}.Release|x64.ActiveCfg = Release|x64
		{901B51FA-3004-4C10-A595-59ED6A74B011}.Release|x64.Build.0 = Release|x64
		{901B51FA-3004-4C10-A595-59ED6A74B011}.Release|x86.ActiveCfg = Release|Win32
		{901B51FA-3004-4C10-A595-59ED6A74B011}.Release|x86.Build.0 = Release|Win32
		{5CEC7417-55F8-4BF8-B492-F04A6F37C6FE}.Debug|x64.ActiveCfg = Debug|x64
		{5CEC7417-55F8-4BF8-B492-F04A6F37C6FE}.Debug|x64.Build.0 = Debug|x64
		{5CEC7417-55F8-4BF8-B492-F04A6F37C6FE}.Debug|x86.ActiveCfg = Debug|Win32
		{5CEC7417-55F8-4BF8-B492-F04A6F37C6FE}.Debug|x86.Build.0 = Debug|Win32
		{5CEC7417-55F8-4BF8-B492-F04A6F37C6FE}.Release|x64.ActiveCfg = Release|x64
		{5CEC7417-55F8-4BF8-B492-F04A6F37C6FE}.Release|x64.Build.0 = Release|x64
		{5CEC7417-55F8-4BF8-B492-F04A6F37C6FE}.Release|x86.ActiveCfg = Release|Win32
		{5CEC7417-55F8-4BF8-B492-F04A6F37C6FE}.Release|x86.Build.0 = Release|Win32
		{40CC7AAE-3852-4917-9E24-F2020FC5242F}.Debug|x64.ActiveCfg = Debug|x64
		{40CC7AAE-3852-4917-9E24-F2020FC5242F}.Debug|x64.Build.0 = Debug|x64
		{40CC7AAE-3852-4917-9E24-F2020FC5242F}.Debug|x86.ActiveCfg = Debug|Win32
		{40CC7AAE-3852-4917-9E24-F2020FC5242F}.Debug|x86.Build.0 = Debug|Win32
		{40CC7AAE-3852-4917-9E24-F2020FC5242F}.Release|x64.ActiveCfg = Release|x64
		{40CC7AAE-3852-4917-9E24-F2020FC5242F}.Release|x64.Build.0 = Release|x64
		{40CC7AAE-3852-4917-9E24-F2020FC5242F}.Release|x86.ActiveCfg = Release|Win32
		{40CC7AAE-3852-4917-9E24-F2020FC5242F}.Release|x86.Build.0 = Release|Win32
		{041A6322-44E0-420A-A538-1C8D5E3B09C4}.Debug|x64.ActiveCfg = Debug|x64
		{041A6322-44E0-420A-A538-1C8D5E3B09C4}.Debug|x64.Build.0 = Debug|x64
		{041A6322-44E0-420A-A538-1C8D5E3B09C4}.Debug|x86.ActiveCfg = Debug|Win32
		{041A6322-44E0-420A-A538-1C8D5E3B09C4}.Debug|x86.Build.0 = Debug|Win32
		{041A6322-44E0-420A-A538-1C8D5E3B09C4}.Release|x64.ActiveCfg = Release|x64
		{041A6322-44E0-420A-A538-1C8D5E3B09C4}.Release|x64.Build.0 = Release|x64
		{041A6322-44E0-420A-A538-1C8D5E3B09C4}.Release|x86.ActiveCfg = Release|Win32
		{041A6322-44E0-420A-A538-1C8D5E3B09C4}.Release|x86.Build.0 = Release|Win32
		{B9899427-7BBC-4390-B7BC-042F5CA2366D}.Debug|x64.ActiveCfg = Debug|x64
		{B9899427-7BBC-4390-B7BC-042F5CA2366D}.Debug|x64.Build.0 = Debug|x64
		{B9899427-7BBC-4390-B7BC-042F5CA2366D}.Debug|x86.ActiveCfg = Debug|Win32
		{B9899427-7BBC-4390-B7BC-042F5CA2366D}.Debug|x86.Build.0 = Debug|Win32
		{B9899427-7BBC-4390-B7BC-042F5CA2366D}.Release|x64.ActiveCfg = Release|x64
		{B9899427-7BBC-4390-B7BC-042F5CA2366D}.Release|x64.Build.0 = Release|x64
		{B9899427-7BBC-4390-B7BC-042F5CA2366D}.Release|x86.ActiveCfg = Release|Win32
		{B9899427-7BBC-4390-B7BC-042F5CA2366D}.Release|x86.Build.0 = Release|Win32
	EndGlobalSection
	GlobalSection(SolutionProperties) = preSolution
		HideSolutionNode = FALSE
	EndGlobalSection
	GlobalSection(ExtensibilityGlobals) = postSolution
		SolutionGuid = {1AB29345-1800-4E74-870A-261B52C2B05F}
	EndGlobalSection
EndGlobal
