
Microsoft Visual Studio Solution File, Format Version 12.00
# Visual Studio Version 17
VisualStudioVersion = 17.3.32811.315
MinimumVisualStudioVersion = 10.0.40219.1
Project("{8BC9CEB8-8B4A-11D0-8D11-00A0C91BC942}") = "Utility", "Utility\Utility.vcxproj", "{0B1720EE-1F21-4CB0-81E4-3FC6770E7030}"
EndProject
Project("{8BC9CEB8-8B4A-11D0-8D11-00A0C91BC942}") = "Render", "Render\Render.vcxproj", "{6F7B369F-DCAB-4526-A09B-E8A73CFF4538}"
	ProjectSection(ProjectDependencies) = postProject
		{0B1720EE-1F21-4CB0-81E4-3FC6770E7030} = {0B1720EE-1F21-4CB0-81E4-3FC6770E7030}
	EndProjectSection
EndProject
Project("{8BC9CEB8-8B4A-11D0-8D11-00A0C91BC942}") = "Generate", "Generate\Generate.vcxproj", "{838C3B0E-9679-4852-9798-255D5616A40F}"
EndProject
Project("{8BC9CEB8-8B4A-11D0-8D11-00A0C91BC942}") = "Hex", "Hex\Hex.vcxproj", "{110549C2-6E67-4A8C-BF44-F3D7DC5F6D60}"
EndProject
Project("{8BC9CEB8-8B4A-11D0-8D11-00A0C91BC942}") = "Redshift", "Redshift\Redshift.vcxproj", "{10895346-B3C7-4A1B-AFF9-60594533A63B}"
EndProject
Global
	GlobalSection(SolutionConfigurationPlatforms) = preSolution
		Debug|x64 = Debug|x64
		Debug|x86 = Debug|x86
		Release|x64 = Release|x64
		Release|x86 = Release|x86
	EndGlobalSection
	GlobalSection(ProjectConfigurationPlatforms) = postSolution
		{0B1720EE-1F21-4CB0-81E4-3FC6770E7030}.Debug|x64.ActiveCfg = Debug|x64
		{0B1720EE-1F21-4CB0-81E4-3FC6770E7030}.Debug|x64.Build.0 = Debug|x64
		{0B1720EE-1F21-4CB0-81E4-3FC6770E7030}.Debug|x86.ActiveCfg = Debug|Win32
		{0B1720EE-1F21-4CB0-81E4-3FC6770E7030}.Debug|x86.Build.0 = Debug|Win32
		{0B1720EE-1F21-4CB0-81E4-3FC6770E7030}.Release|x64.ActiveCfg = Release|x64
		{0B1720EE-1F21-4CB0-81E4-3FC6770E7030}.Release|x64.Build.0 = Release|x64
		{0B1720EE-1F21-4CB0-81E4-3FC6770E7030}.Release|x86.ActiveCfg = Release|Win32
		{0B1720EE-1F21-4CB0-81E4-3FC6770E7030}.Release|x86.Build.0 = Release|Win32
		{6F7B369F-DCAB-4526-A09B-E8A73CFF4538}.Debug|x64.ActiveCfg = Debug|x64
		{6F7B369F-DCAB-4526-A09B-E8A73CFF4538}.Debug|x64.Build.0 = Debug|x64
		{6F7B369F-DCAB-4526-A09B-E8A73CFF4538}.Debug|x86.ActiveCfg = Debug|Win32
		{6F7B369F-DCAB-4526-A09B-E8A73CFF4538}.Debug|x86.Build.0 = Debug|Win32
		{6F7B369F-DCAB-4526-A09B-E8A73CFF4538}.Release|x64.ActiveCfg = Release|x64
		{6F7B369F-DCAB-4526-A09B-E8A73CFF4538}.Release|x64.Build.0 = Release|x64
		{6F7B369F-DCAB-4526-A09B-E8A73CFF4538}.Release|x86.ActiveCfg = Release|Win32
		{6F7B369F-DCAB-4526-A09B-E8A73CFF4538}.Release|x86.Build.0 = Release|Win32
		{838C3B0E-9679-4852-9798-255D5616A40F}.Debug|x64.ActiveCfg = Debug|x64
		{838C3B0E-9679-4852-9798-255D5616A40F}.Debug|x64.Build.0 = Debug|x64
		{838C3B0E-9679-4852-9798-255D5616A40F}.Debug|x86.ActiveCfg = Debug|Win32
		{838C3B0E-9679-4852-9798-255D5616A40F}.Debug|x86.Build.0 = Debug|Win32
		{838C3B0E-9679-4852-9798-255D5616A40F}.Release|x64.ActiveCfg = Release|x64
		{838C3B0E-9679-4852-9798-255D5616A40F}.Release|x64.Build.0 = Release|x64
		{838C3B0E-9679-4852-9798-255D5616A40F}.Release|x86.ActiveCfg = Release|Win32
		{838C3B0E-9679-4852-9798-255D5616A40F}.Release|x86.Build.0 = Release|Win32
		{110549C2-6E67-4A8C-BF44-F3D7DC5F6D60}.Debug|x64.ActiveCfg = Debug|x64
		{110549C2-6E67-4A8C-BF44-F3D7DC5F6D60}.Debug|x64.Build.0 = Debug|x64
		{110549C2-6E67-4A8C-BF44-F3D7DC5F6D60}.Debug|x86.ActiveCfg = Debug|Win32
		{110549C2-6E67-4A8C-BF44-F3D7DC5F6D60}.Debug|x86.Build.0 = Debug|Win32
		{110549C2-6E67-4A8C-BF44-F3D7DC5F6D60}.Release|x64.ActiveCfg = Release|x64
		{110549C2-6E67-4A8C-BF44-F3D7DC5F6D60}.Release|x64.Build.0 = Release|x64
		{110549C2-6E67-4A8C-BF44-F3D7DC5F6D60}.Release|x86.ActiveCfg = Release|Win32
		{110549C2-6E67-4A8C-BF44-F3D7DC5F6D60}.Release|x86.Build.0 = Release|Win32
		{10895346-B3C7-4A1B-AFF9-60594533A63B}.Debug|x64.ActiveCfg = Debug|x64
		{10895346-B3C7-4A1B-AFF9-60594533A63B}.Debug|x64.Build.0 = Debug|x64
		{10895346-B3C7-4A1B-AFF9-60594533A63B}.Debug|x86.ActiveCfg = Debug|Win32
		{10895346-B3C7-4A1B-AFF9-60594533A63B}.Debug|x86.Build.0 = Debug|Win32
		{10895346-B3C7-4A1B-AFF9-60594533A63B}.Release|x64.ActiveCfg = Release|x64
		{10895346-B3C7-4A1B-AFF9-60594533A63B}.Release|x64.Build.0 = Release|x64
		{10895346-B3C7-4A1B-AFF9-60594533A63B}.Release|x86.ActiveCfg = Release|Win32
		{10895346-B3C7-4A1B-AFF9-60594533A63B}.Release|x86.Build.0 = Release|Win32
	EndGlobalSection
	GlobalSection(SolutionProperties) = preSolution
		HideSolutionNode = FALSE
	EndGlobalSection
	GlobalSection(ExtensibilityGlobals) = postSolution
		SolutionGuid = {82EBCC47-FB74-48C3-9653-7BF246AF732F}
	EndGlobalSection
EndGlobal
